
Microsoft Visual Studio Solution File, Format Version 12.00
# Visual Studio Version 16
VisualStudioVersion = 16.0.32413.511
MinimumVisualStudioVersion = 10.0.40219.1
Project("{FAE04EC0-301F-11D3-BF4B-00C04F79EFBC}") = "ConsoleAppPart2Assignment", "ConsoleAppPart2Assignment\ConsoleAppPart2Assignment.csproj", "{CA53AE24-6D32-4A07-AF2C-26E932BEF855}"
EndProject
Global
	GlobalSection(SolutionConfigurationPlatforms) = preSolution
		Debug|Any CPU = Debug|Any CPU
		Release|Any CPU = Release|Any CPU
	EndGlobalSection
	GlobalSection(ProjectConfigurationPlatforms) = postSolution
		{CA53AE24-6D32-4A07-AF2C-26E932BEF855}.Debug|Any CPU.ActiveCfg = Debug|Any CPU
		{CA53AE24-6D32-4A07-AF2C-26E932BEF855}.Debug|Any CPU.Build.0 = Debug|Any CPU
		{CA53AE24-6D32-4A07-AF2C-26E932BEF855}.Release|Any CPU.ActiveCfg = Release|Any CPU
		{CA53AE24-6D32-4A07-AF2C-26E932BEF855}.Release|Any CPU.Build.0 = Release|Any CPU
	EndGlobalSection
	GlobalSection(SolutionProperties) = preSolution
		HideSolutionNode = FALSE
	EndGlobalSection
	GlobalSection(ExtensibilityGlobals) = postSolution
		SolutionGuid = {ED9047D5-5912-4F35-9292-B752380B5DF7}
	EndGlobalSection
EndGlobal
