
Microsoft Visual Studio Solution File, Format Version 12.00
# Visual Studio Version 16
VisualStudioVersion = 16.0.32413.511
MinimumVisualStudioVersion = 10.0.40219.1
Project("{FAE04EC0-301F-11D3-BF4B-00C04F79EFBC}") = "ConsoleAppPartFiveAssignment", "ConsoleAppPartFiveAssignment\ConsoleAppPartFiveAssignment.csproj", "{90A07F8F-5C86-434F-A3B3-09DF05176C03}"
EndProject
Global
	GlobalSection(SolutionConfigurationPlatforms) = preSolution
		Debug|Any CPU = Debug|Any CPU
		Release|Any CPU = Release|Any CPU
	EndGlobalSection
	GlobalSection(ProjectConfigurationPlatforms) = postSolution
		{90A07F8F-5C86-434F-A3B3-09DF05176C03}.Debug|Any CPU.ActiveCfg = Debug|Any CPU
		{90A07F8F-5C86-434F-A3B3-09DF05176C03}.Debug|Any CPU.Build.0 = Debug|Any CPU
		{90A07F8F-5C86-434F-A3B3-09DF05176C03}.Release|Any CPU.ActiveCfg = Release|Any CPU
		{90A07F8F-5C86-434F-A3B3-09DF05176C03}.Release|Any CPU.Build.0 = Release|Any CPU
	EndGlobalSection
	GlobalSection(SolutionProperties) = preSolution
		HideSolutionNode = FALSE
	EndGlobalSection
	GlobalSection(ExtensibilityGlobals) = postSolution
		SolutionGuid = {997EF6AF-6FEB-4EE1-AC06-57F938653B88}
	EndGlobalSection
EndGlobal
