
Microsoft Visual Studio Solution File, Format Version 12.00
# Visual Studio Version 16
VisualStudioVersion = 16.0.32413.511
MinimumVisualStudioVersion = 10.0.40219.1
Project("{FAE04EC0-301F-11D3-BF4B-00C04F79EFBC}") = "mathChallenge", "mathChallenge\mathChallenge.csproj", "{C9008CEC-C314-4826-A2B5-05057629F171}"
EndProject
Global
	GlobalSection(SolutionConfigurationPlatforms) = preSolution
		Debug|Any CPU = Debug|Any CPU
		Release|Any CPU = Release|Any CPU
	EndGlobalSection
	GlobalSection(ProjectConfigurationPlatforms) = postSolution
		{C9008CEC-C314-4826-A2B5-05057629F171}.Debug|Any CPU.ActiveCfg = Debug|Any CPU
		{C9008CEC-C314-4826-A2B5-05057629F171}.Debug|Any CPU.Build.0 = Debug|Any CPU
		{C9008CEC-C314-4826-A2B5-05057629F171}.Release|Any CPU.ActiveCfg = Release|Any CPU
		{C9008CEC-C314-4826-A2B5-05057629F171}.Release|Any CPU.Build.0 = Release|Any CPU
	EndGlobalSection
	GlobalSection(SolutionProperties) = preSolution
		HideSolutionNode = FALSE
	EndGlobalSection
	GlobalSection(ExtensibilityGlobals) = postSolution
		SolutionGuid = {3415964B-EAC2-4FF0-BC0B-66C8F7204261}
	EndGlobalSection
EndGlobal
