
Microsoft Visual Studio Solution File, Format Version 12.00
# Visual Studio Version 16
VisualStudioVersion = 16.0.32413.511
MinimumVisualStudioVersion = 10.0.40219.1
Project("{FAE04EC0-301F-11D3-BF4B-00C04F79EFBC}") = "ExceptionHandling", "ExceptionHandling\ExceptionHandling.csproj", "{2E5AA809-2E62-45AA-9A86-069C94452D10}"
EndProject
Global
	GlobalSection(SolutionConfigurationPlatforms) = preSolution
		Debug|Any CPU = Debug|Any CPU
		Release|Any CPU = Release|Any CPU
	EndGlobalSection
	GlobalSection(ProjectConfigurationPlatforms) = postSolution
		{2E5AA809-2E62-45AA-9A86-069C94452D10}.Debug|Any CPU.ActiveCfg = Debug|Any CPU
		{2E5AA809-2E62-45AA-9A86-069C94452D10}.Debug|Any CPU.Build.0 = Debug|Any CPU
		{2E5AA809-2E62-45AA-9A86-069C94452D10}.Release|Any CPU.ActiveCfg = Release|Any CPU
		{2E5AA809-2E62-45AA-9A86-069C94452D10}.Release|Any CPU.Build.0 = Release|Any CPU
	EndGlobalSection
	GlobalSection(SolutionProperties) = preSolution
		HideSolutionNode = FALSE
	EndGlobalSection
	GlobalSection(ExtensibilityGlobals) = postSolution
		SolutionGuid = {D8F54341-4EEF-4379-A887-23740A6BB05E}
	EndGlobalSection
EndGlobal
