
Microsoft Visual Studio Solution File, Format Version 12.00
# Visual Studio Version 16
VisualStudioVersion = 16.0.32413.511
MinimumVisualStudioVersion = 10.0.40219.1
Project("{FAE04EC0-301F-11D3-BF4B-00C04F79EFBC}") = "BranchingSubmissionAssignment", "BranchingSubmissionAssignment\BranchingSubmissionAssignment.csproj", "{3440A282-5B71-4995-98F8-A6378458FA51}"
EndProject
Global
	GlobalSection(SolutionConfigurationPlatforms) = preSolution
		Debug|Any CPU = Debug|Any CPU
		Release|Any CPU = Release|Any CPU
	EndGlobalSection
	GlobalSection(ProjectConfigurationPlatforms) = postSolution
		{3440A282-5B71-4995-98F8-A6378458FA51}.Debug|Any CPU.ActiveCfg = Debug|Any CPU
		{3440A282-5B71-4995-98F8-A6378458FA51}.Debug|Any CPU.Build.0 = Debug|Any CPU
		{3440A282-5B71-4995-98F8-A6378458FA51}.Release|Any CPU.ActiveCfg = Release|Any CPU
		{3440A282-5B71-4995-98F8-A6378458FA51}.Release|Any CPU.Build.0 = Release|Any CPU
	EndGlobalSection
	GlobalSection(SolutionProperties) = preSolution
		HideSolutionNode = FALSE
	EndGlobalSection
	GlobalSection(ExtensibilityGlobals) = postSolution
		SolutionGuid = {EEB9F091-38C5-4447-91D2-0E1D98EABB76}
	EndGlobalSection
EndGlobal
