
Microsoft Visual Studio Solution File, Format Version 12.00
# Visual Studio Version 16
VisualStudioVersion = 16.0.32413.511
MinimumVisualStudioVersion = 10.0.40219.1
Project("{FAE04EC0-301F-11D3-BF4B-00C04F79EFBC}") = "BooleanLogic", "BooleanLogic\BooleanLogic.csproj", "{C095FCE9-B9D9-4109-B5AB-0635933B33CA}"
EndProject
Global
	GlobalSection(SolutionConfigurationPlatforms) = preSolution
		Debug|Any CPU = Debug|Any CPU
		Release|Any CPU = Release|Any CPU
	EndGlobalSection
	GlobalSection(ProjectConfigurationPlatforms) = postSolution
		{C095FCE9-B9D9-4109-B5AB-0635933B33CA}.Debug|Any CPU.ActiveCfg = Debug|Any CPU
		{C095FCE9-B9D9-4109-B5AB-0635933B33CA}.Debug|Any CPU.Build.0 = Debug|Any CPU
		{C095FCE9-B9D9-4109-B5AB-0635933B33CA}.Release|Any CPU.ActiveCfg = Release|Any CPU
		{C095FCE9-B9D9-4109-B5AB-0635933B33CA}.Release|Any CPU.Build.0 = Release|Any CPU
	EndGlobalSection
	GlobalSection(SolutionProperties) = preSolution
		HideSolutionNode = FALSE
	EndGlobalSection
	GlobalSection(ExtensibilityGlobals) = postSolution
		SolutionGuid = {0BA7E82E-FC76-40B3-B762-19E71A85E0DA}
	EndGlobalSection
EndGlobal
