
Microsoft Visual Studio Solution File, Format Version 12.00
# Visual Studio Version 16
VisualStudioVersion = 16.0.32413.511
MinimumVisualStudioVersion = 10.0.40219.1
Project("{FAE04EC0-301F-11D3-BF4B-00C04F79EFBC}") = "MethodClassAssignment", "MethodClassAssignment\MethodClassAssignment.csproj", "{A7890161-572D-4693-B04F-580FAAB2219F}"
EndProject
Global
	GlobalSection(SolutionConfigurationPlatforms) = preSolution
		Debug|Any CPU = Debug|Any CPU
		Release|Any CPU = Release|Any CPU
	EndGlobalSection
	GlobalSection(ProjectConfigurationPlatforms) = postSolution
		{A7890161-572D-4693-B04F-580FAAB2219F}.Debug|Any CPU.ActiveCfg = Debug|Any CPU
		{A7890161-572D-4693-B04F-580FAAB2219F}.Debug|Any CPU.Build.0 = Debug|Any CPU
		{A7890161-572D-4693-B04F-580FAAB2219F}.Release|Any CPU.ActiveCfg = Release|Any CPU
		{A7890161-572D-4693-B04F-580FAAB2219F}.Release|Any CPU.Build.0 = Release|Any CPU
	EndGlobalSection
	GlobalSection(SolutionProperties) = preSolution
		HideSolutionNode = FALSE
	EndGlobalSection
	GlobalSection(ExtensibilityGlobals) = postSolution
		SolutionGuid = {C4270C1E-0CE0-4CE1-9BCD-5939842BF8B7}
	EndGlobalSection
EndGlobal
