
Microsoft Visual Studio Solution File, Format Version 12.00
# Visual Studio Version 16
VisualStudioVersion = 16.0.32413.511
MinimumVisualStudioVersion = 10.0.40219.1
Project("{FAE04EC0-301F-11D3-BF4B-00C04F79EFBC}") = "BooleanComparisonAssignment", "BooleanComparisonAssignment\BooleanComparisonAssignment.csproj", "{944C5479-E529-48E2-BA90-27D394766B93}"
EndProject
Global
	GlobalSection(SolutionConfigurationPlatforms) = preSolution
		Debug|Any CPU = Debug|Any CPU
		Release|Any CPU = Release|Any CPU
	EndGlobalSection
	GlobalSection(ProjectConfigurationPlatforms) = postSolution
		{944C5479-E529-48E2-BA90-27D394766B93}.Debug|Any CPU.ActiveCfg = Debug|Any CPU
		{944C5479-E529-48E2-BA90-27D394766B93}.Debug|Any CPU.Build.0 = Debug|Any CPU
		{944C5479-E529-48E2-BA90-27D394766B93}.Release|Any CPU.ActiveCfg = Release|Any CPU
		{944C5479-E529-48E2-BA90-27D394766B93}.Release|Any CPU.Build.0 = Release|Any CPU
	EndGlobalSection
	GlobalSection(SolutionProperties) = preSolution
		HideSolutionNode = FALSE
	EndGlobalSection
	GlobalSection(ExtensibilityGlobals) = postSolution
		SolutionGuid = {871B7A82-539D-4856-AF3E-C715168F500A}
	EndGlobalSection
EndGlobal
