
Microsoft Visual Studio Solution File, Format Version 12.00
# Visual Studio Version 16
VisualStudioVersion = 16.0.32413.511
MinimumVisualStudioVersion = 10.0.40219.1
Project("{FAE04EC0-301F-11D3-BF4B-00C04F79EFBC}") = "Class", "Class\Class.csproj", "{5BF1B20B-4790-4361-AC54-B9C6DB2E926D}"
EndProject
Global
	GlobalSection(SolutionConfigurationPlatforms) = preSolution
		Debug|Any CPU = Debug|Any CPU
		Release|Any CPU = Release|Any CPU
	EndGlobalSection
	GlobalSection(ProjectConfigurationPlatforms) = postSolution
		{5BF1B20B-4790-4361-AC54-B9C6DB2E926D}.Debug|Any CPU.ActiveCfg = Debug|Any CPU
		{5BF1B20B-4790-4361-AC54-B9C6DB2E926D}.Debug|Any CPU.Build.0 = Debug|Any CPU
		{5BF1B20B-4790-4361-AC54-B9C6DB2E926D}.Release|Any CPU.ActiveCfg = Release|Any CPU
		{5BF1B20B-4790-4361-AC54-B9C6DB2E926D}.Release|Any CPU.Build.0 = Release|Any CPU
	EndGlobalSection
	GlobalSection(SolutionProperties) = preSolution
		HideSolutionNode = FALSE
	EndGlobalSection
	GlobalSection(ExtensibilityGlobals) = postSolution
		SolutionGuid = {A3D8B167-CBC0-44F4-974A-7BF1BE208E3B}
	EndGlobalSection
EndGlobal
